{
  "requires": true,
  "lockfileVersion": 1,
  "dependencies": {
    "original-fs": {
      "version": "1.2.0",
      "resolved": "https://registry.npmjs.org/original-fs/-/original-fs-1.2.0.tgz",
      "integrity": "sha512-IGo+qFumpIV65oDchJrqL0BOk9kr82fObnTesNJt8t3YgP6vfqcmRs0ofPzg3D9PKMeBHt7lrg1k/6L+oFdS8g=="
    }
  }
}
